
Microsoft Visual Studio Solution File, Format Version 12.00
# Visual Studio 15
VisualStudioVersion = 15.0.27004.2005
MinimumVisualStudioVersion = 10.0.40219.1
Project("{9A19103F-16F7-4668-BE54-9A1E7A4F7556}") = "TwitchLib.PubSub", "TwitchLib.PubSub\TwitchLib.PubSub.csproj", "{BF806D39-66B7-41CF-9406-5383B22D5677}"
EndProject
Project("{9A19103F-16F7-4668-BE54-9A1E7A4F7556}") = "TwitchLib.Communication", "TwitchLib.Communication\TwitchLib.Communication.csproj", "{2370B22E-3A25-4E44-A6B9-B8614FD1C82D}"
EndProject
Project("{FAE04EC0-301F-11D3-BF4B-00C04F79EFBC}") = "TestProject", "TestProject\TestProject.csproj", "{C0F1B4FD-24E9-4266-B660-7A872350D721}"
EndProject
Global
	GlobalSection(SolutionConfigurationPlatforms) = preSolution
		Debug|Any CPU = Debug|Any CPU
		Release|Any CPU = Release|Any CPU
	EndGlobalSection
	GlobalSection(ProjectConfigurationPlatforms) = postSolution
		{BF806D39-66B7-41CF-9406-5383B22D5677}.Debug|Any CPU.ActiveCfg = Debug|Any CPU
		{BF806D39-66B7-41CF-9406-5383B22D5677}.Debug|Any CPU.Build.0 = Debug|Any CPU
		{BF806D39-66B7-41CF-9406-5383B22D5677}.Release|Any CPU.ActiveCfg = Release|Any CPU
		{BF806D39-66B7-41CF-9406-5383B22D5677}.Release|Any CPU.Build.0 = Release|Any CPU
		{2370B22E-3A25-4E44-A6B9-B8614FD1C82D}.Debug|Any CPU.ActiveCfg = Debug|Any CPU
		{2370B22E-3A25-4E44-A6B9-B8614FD1C82D}.Debug|Any CPU.Build.0 = Debug|Any CPU
		{2370B22E-3A25-4E44-A6B9-B8614FD1C82D}.Release|Any CPU.ActiveCfg = Release|Any CPU
		{2370B22E-3A25-4E44-A6B9-B8614FD1C82D}.Release|Any CPU.Build.0 = Release|Any CPU
		{C0F1B4FD-24E9-4266-B660-7A872350D721}.Debug|Any CPU.ActiveCfg = Debug|Any CPU
		{C0F1B4FD-24E9-4266-B660-7A872350D721}.Debug|Any CPU.Build.0 = Debug|Any CPU
		{C0F1B4FD-24E9-4266-B660-7A872350D721}.Release|Any CPU.ActiveCfg = Release|Any CPU
		{C0F1B4FD-24E9-4266-B660-7A872350D721}.Release|Any CPU.Build.0 = Release|Any CPU
	EndGlobalSection
	GlobalSection(SolutionProperties) = preSolution
		HideSolutionNode = FALSE
	EndGlobalSection
	GlobalSection(ExtensibilityGlobals) = postSolution
		SolutionGuid = {D6F2493A-B630-4DE7-A5BD-D876F7A39165}
	EndGlobalSection
EndGlobal
